
Microsoft Visual Studio Solution File, Format Version 12.00
# Visual Studio Version 16
VisualStudioVersion = 16.0.29519.87
MinimumVisualStudioVersion = 10.0.40219.1
Project("{2150E333-8FDC-42A3-9474-1A3956D46DE8}") = "src", "src", "{58D7D1FF-5F07-460B-BFCC-3EB0BA3C0658}"
EndProject
Project("{2150E333-8FDC-42A3-9474-1A3956D46DE8}") = "test", "test", "{F0C5D0CF-C76B-4ACC-A58A-39B74849A111}"
EndProject
Project("{2150E333-8FDC-42A3-9474-1A3956D46DE8}") = "Solution Items", "Solution Items", "{38CDC021-6CD3-4D69-9B58-D9BF5B02FDFB}"
	ProjectSection(SolutionItems) = preProject
		azure-pipelines.yml = azure-pipelines.yml
		dependencies.props = dependencies.props
		Directory.Build.props = Directory.Build.props
	EndProjectSection
EndProject
Project("{2150E333-8FDC-42A3-9474-1A3956D46DE8}") = "unit", "unit", "{F0EFBA78-FD8D-44AF-A81F-F7E979A76492}"
EndProject
Project("{2150E333-8FDC-42A3-9474-1A3956D46DE8}") = "integration", "integration", "{CCAFD04F-DC9C-4A40-B9C6-64AD31F2DCD9}"
EndProject
Project("{9A19103F-16F7-4668-BE54-9A1E7A4F7556}") = "Sasw.ExcelTools", "src\Sasw.ExcelTools\Sasw.ExcelTools.csproj", "{84703222-50D9-44B9-88D4-72F392D3E53B}"
EndProject
Project("{9A19103F-16F7-4668-BE54-9A1E7A4F7556}") = "Sasw.ExcelTools.Infra.ExcelDataReader", "src\Sasw.ExcelTools.Infra.ExcelDataReader\Sasw.ExcelTools.Infra.ExcelDataReader.csproj", "{9F6510CA-AB44-41D9-B635-33B95C229B06}"
EndProject
Project("{9A19103F-16F7-4668-BE54-9A1E7A4F7556}") = "Sasw.ExcelTools.Infra.ExcelDataReader.UnitTests", "test\Sasw.ExcelTools.Infra.ExcelDataReader.UnitTests\Sasw.ExcelTools.Infra.ExcelDataReader.UnitTests.csproj", "{9526DD7E-EDB4-448F-A62F-A5FF20D43D41}"
EndProject
Project("{9A19103F-16F7-4668-BE54-9A1E7A4F7556}") = "Sasw.ExcelTools.Infra.ExcelDataReader.DependencyInjection.IntegrationTests", "test\Sasw.ExcelTools.Infra.ExcelDataReader.DependencyInjection.IntegrationTests\Sasw.ExcelTools.Infra.ExcelDataReader.DependencyInjection.IntegrationTests.csproj", "{2F3E4F42-98F3-4A8D-BC7A-36DA1F7AD016}"
EndProject
Project("{9A19103F-16F7-4668-BE54-9A1E7A4F7556}") = "Sasw.ExcelTools.Infra.ExcelDataReader.DependencyInjection", "src\Sasw.ExcelTools.Infra.ExcelDataReader.DependencyInjection\Sasw.ExcelTools.Infra.ExcelDataReader.DependencyInjection.csproj", "{D4D45AB0-971E-4657-972C-F0612FA437ED}"
EndProject
Global
	GlobalSection(SolutionConfigurationPlatforms) = preSolution
		Debug|Any CPU = Debug|Any CPU
		Release|Any CPU = Release|Any CPU
	EndGlobalSection
	GlobalSection(ProjectConfigurationPlatforms) = postSolution
		{84703222-50D9-44B9-88D4-72F392D3E53B}.Debug|Any CPU.ActiveCfg = Debug|Any CPU
		{84703222-50D9-44B9-88D4-72F392D3E53B}.Debug|Any CPU.Build.0 = Debug|Any CPU
		{84703222-50D9-44B9-88D4-72F392D3E53B}.Release|Any CPU.ActiveCfg = Release|Any CPU
		{84703222-50D9-44B9-88D4-72F392D3E53B}.Release|Any CPU.Build.0 = Release|Any CPU
		{9F6510CA-AB44-41D9-B635-33B95C229B06}.Debug|Any CPU.ActiveCfg = Debug|Any CPU
		{9F6510CA-AB44-41D9-B635-33B95C229B06}.Debug|Any CPU.Build.0 = Debug|Any CPU
		{9F6510CA-AB44-41D9-B635-33B95C229B06}.Release|Any CPU.ActiveCfg = Release|Any CPU
		{9F6510CA-AB44-41D9-B635-33B95C229B06}.Release|Any CPU.Build.0 = Release|Any CPU
		{9526DD7E-EDB4-448F-A62F-A5FF20D43D41}.Debug|Any CPU.ActiveCfg = Debug|Any CPU
		{9526DD7E-EDB4-448F-A62F-A5FF20D43D41}.Debug|Any CPU.Build.0 = Debug|Any CPU
		{9526DD7E-EDB4-448F-A62F-A5FF20D43D41}.Release|Any CPU.ActiveCfg = Release|Any CPU
		{9526DD7E-EDB4-448F-A62F-A5FF20D43D41}.Release|Any CPU.Build.0 = Release|Any CPU
		{2F3E4F42-98F3-4A8D-BC7A-36DA1F7AD016}.Debug|Any CPU.ActiveCfg = Debug|Any CPU
		{2F3E4F42-98F3-4A8D-BC7A-36DA1F7AD016}.Debug|Any CPU.Build.0 = Debug|Any CPU
		{2F3E4F42-98F3-4A8D-BC7A-36DA1F7AD016}.Release|Any CPU.ActiveCfg = Release|Any CPU
		{2F3E4F42-98F3-4A8D-BC7A-36DA1F7AD016}.Release|Any CPU.Build.0 = Release|Any CPU
		{D4D45AB0-971E-4657-972C-F0612FA437ED}.Debug|Any CPU.ActiveCfg = Debug|Any CPU
		{D4D45AB0-971E-4657-972C-F0612FA437ED}.Debug|Any CPU.Build.0 = Debug|Any CPU
		{D4D45AB0-971E-4657-972C-F0612FA437ED}.Release|Any CPU.ActiveCfg = Release|Any CPU
		{D4D45AB0-971E-4657-972C-F0612FA437ED}.Release|Any CPU.Build.0 = Release|Any CPU
	EndGlobalSection
	GlobalSection(SolutionProperties) = preSolution
		HideSolutionNode = FALSE
	EndGlobalSection
	GlobalSection(NestedProjects) = preSolution
		{F0EFBA78-FD8D-44AF-A81F-F7E979A76492} = {F0C5D0CF-C76B-4ACC-A58A-39B74849A111}
		{CCAFD04F-DC9C-4A40-B9C6-64AD31F2DCD9} = {F0C5D0CF-C76B-4ACC-A58A-39B74849A111}
		{84703222-50D9-44B9-88D4-72F392D3E53B} = {58D7D1FF-5F07-460B-BFCC-3EB0BA3C0658}
		{9F6510CA-AB44-41D9-B635-33B95C229B06} = {58D7D1FF-5F07-460B-BFCC-3EB0BA3C0658}
		{9526DD7E-EDB4-448F-A62F-A5FF20D43D41} = {F0EFBA78-FD8D-44AF-A81F-F7E979A76492}
		{2F3E4F42-98F3-4A8D-BC7A-36DA1F7AD016} = {CCAFD04F-DC9C-4A40-B9C6-64AD31F2DCD9}
		{D4D45AB0-971E-4657-972C-F0612FA437ED} = {58D7D1FF-5F07-460B-BFCC-3EB0BA3C0658}
	EndGlobalSection
	GlobalSection(ExtensibilityGlobals) = postSolution
		SolutionGuid = {0817C2E9-71F7-4227-B8A0-232715BF322F}
	EndGlobalSection
EndGlobal
